// !$*UTF8*$!
{
	archiveVersion = 1;
	classes = {
	};
	objectVersion = 77;
	objects = {

/* Begin PBXBuildFile section */
		F075F4C42DBB4A44004AB71A /* FirebaseAnalytics in Frameworks */ = {isa = PBXBuildFile; productRef = F075F4C32DBB4A44004AB71A /* FirebaseAnalytics */; };
		F075F4C62DBB4A44004AB71A /* FirebaseAppCheck in Frameworks */ = {isa = PBXBuildFile; productRef = F075F4C52DBB4A44004AB71A /* FirebaseAppCheck */; };
		F075F4C82DBB4A44004AB71A /* FirebaseAppDistribution-Beta in Frameworks */ = {isa = PBXBuildFile; productRef = F075F4C72DBB4A44004AB71A /* FirebaseAppDistribution-Beta */; };
		F075F4FC2DBCF6F2004AB71A /* FirebaseAuth in Frameworks */ = {isa = PBXBuildFile; productRef = F075F4FB2DBCF6F2004AB71A /* FirebaseAuth */; };
		F075F4FE2DBCF71F004AB71A /* FirebaseCore in Frameworks */ = {isa = PBXBuildFile; productRef = F075F4FD2DBCF71F004AB71A /* FirebaseCore */; };
/* End PBXBuildFile section */

/* Begin PBXContainerItemProxy section */
		F075F4752DBB3334004AB71A /* PBXContainerItemProxy */ = {
			isa = PBXContainerItemProxy;
			containerPortal = F075F45C2DBB3331004AB71A /* Project object */;
			proxyType = 1;
			remoteGlobalIDString = F075F4632DBB3331004AB71A;
			remoteInfo = petstagram;
		};
		F075F47F2DBB3334004AB71A /* PBXContainerItemProxy */ = {
			isa = PBXContainerItemProxy;
			containerPortal = F075F45C2DBB3331004AB71A /* Project object */;
			proxyType = 1;
			remoteGlobalIDString = F075F4632DBB3331004AB71A;
			remoteInfo = petstagram;
		};
/* End PBXContainerItemProxy section */

/* Begin PBXFileReference section */
		F075F4642DBB3331004AB71A /* petstagram.app */ = {isa = PBXFileReference; explicitFileType = wrapper.application; includeInIndex = 0; path = petstagram.app; sourceTree = BUILT_PRODUCTS_DIR; };
		F075F4742DBB3334004AB71A /* petstagramTests.xctest */ = {isa = PBXFileReference; explicitFileType = wrapper.cfbundle; includeInIndex = 0; path = petstagramTests.xctest; sourceTree = BUILT_PRODUCTS_DIR; };
		F075F47E2DBB3334004AB71A /* petstagramUITests.xctest */ = {isa = PBXFileReference; explicitFileType = wrapper.cfbundle; includeInIndex = 0; path = petstagramUITests.xctest; sourceTree = BUILT_PRODUCTS_DIR; };
/* End PBXFileReference section */

/* Begin PBXFileSystemSynchronizedRootGroup section */
		F075F4662DBB3331004AB71A /* petstagram */ = {
			isa = PBXFileSystemSynchronizedRootGroup;
			path = petstagram;
			sourceTree = "<group>";
		};
		F075F4772DBB3334004AB71A /* petstagramTests */ = {
			isa = PBXFileSystemSynchronizedRootGroup;
			path = petstagramTests;
			sourceTree = "<group>";
		};
		F075F4812DBB3334004AB71A /* petstagramUITests */ = {
			isa = PBXFileSystemSynchronizedRootGroup;
			path = petstagramUITests;
			sourceTree = "<group>";
		};
/* End PBXFileSystemSynchronizedRootGroup section */

/* Begin PBXFrameworksBuildPhase section */
		F075F4612DBB3331004AB71A /* Frameworks */ = {
			isa = PBXFrameworksBuildPhase;
			buildActionMask = 2147483647;
			files = (
				F075F4C62DBB4A44004AB71A /* FirebaseAppCheck in Frameworks */,
				F075F4FE2DBCF71F004AB71A /* FirebaseCore in Frameworks */,
				F075F4C42DBB4A44004AB71A /* FirebaseAnalytics in Frameworks */,
				F075F4C82DBB4A44004AB71A /* FirebaseAppDistribution-Beta in Frameworks */,
				F075F4FC2DBCF6F2004AB71A /* FirebaseAuth in Frameworks */,
			);
			runOnlyForDeploymentPostprocessing = 0;
		};
		F075F4712DBB3334004AB71A /* Frameworks */ = {
			isa = PBXFrameworksBuildPhase;
			buildActionMask = 2147483647;
			files = (
			);
			runOnlyForDeploymentPostprocessing = 0;
		};
		F075F47B2DBB3334004AB71A /* Frameworks */ = {
			isa = PBXFrameworksBuildPhase;
			buildActionMask = 2147483647;
			files = (
			);
			runOnlyForDeploymentPostprocessing = 0;
		};
/* End PBXFrameworksBuildPhase section */

/* Begin PBXGroup section */
		F075F45B2DBB3331004AB71A = {
			isa = PBXGroup;
			children = (
				F075F4662DBB3331004AB71A /* petstagram */,
				F075F4772DBB3334004AB71A /* petstagramTests */,
				F075F4812DBB3334004AB71A /* petstagramUITests */,
				F075F4FA2DBCF6F2004AB71A /* Frameworks */,
				F075F4652DBB3331004AB71A /* Products */,
			);
			sourceTree = "<group>";
		};
		F075F4652DBB3331004AB71A /* Products */ = {
			isa = PBXGroup;
			children = (
				F075F4642DBB3331004AB71A /* petstagram.app */,
				F075F4742DBB3334004AB71A /* petstagramTests.xctest */,
				F075F47E2DBB3334004AB71A /* petstagramUITests.xctest */,
			);
			name = Products;
			sourceTree = "<group>";
		};
		F075F4FA2DBCF6F2004AB71A /* Frameworks */ = {
			isa = PBXGroup;
			children = (
			);
			name = Frameworks;
			sourceTree = "<group>";
		};
/* End PBXGroup section */

/* Begin PBXNativeTarget section */
		F075F4632DBB3331004AB71A /* petstagram */ = {
			isa = PBXNativeTarget;
			buildConfigurationList = F075F4882DBB3334004AB71A /* Build configuration list for PBXNativeTarget "petstagram" */;
			buildPhases = (
				F075F4602DBB3331004AB71A /* Sources */,
				F075F4612DBB3331004AB71A /* Frameworks */,
				F075F4622DBB3331004AB71A /* Resources */,
			);
			buildRules = (
			);
			dependencies = (
			);
			fileSystemSynchronizedGroups = (
				F075F4662DBB3331004AB71A /* petstagram */,
			);
			name = petstagram;
			packageProductDependencies = (
				F075F4C32DBB4A44004AB71A /* FirebaseAnalytics */,
				F075F4C52DBB4A44004AB71A /* FirebaseAppCheck */,
				F075F4C72DBB4A44004AB71A /* FirebaseAppDistribution-Beta */,
				F075F4FB2DBCF6F2004AB71A /* FirebaseAuth */,
				F075F4FD2DBCF71F004AB71A /* FirebaseCore */,
			);
			productName = petstagram;
			productReference = F075F4642DBB3331004AB71A /* petstagram.app */;
			productType = "com.apple.product-type.application";
		};
		F075F4732DBB3334004AB71A /* petstagramTests */ = {
			isa = PBXNativeTarget;
			buildConfigurationList = F075F48B2DBB3334004AB71A /* Build configuration list for PBXNativeTarget "petstagramTests" */;
			buildPhases = (
				F075F4702DBB3334004AB71A /* Sources */,
				F075F4712DBB3334004AB71A /* Frameworks */,
				F075F4722DBB3334004AB71A /* Resources */,
			);
			buildRules = (
			);
			dependencies = (
				F075F4762DBB3334004AB71A /* PBXTargetDependency */,
			);
			fileSystemSynchronizedGroups = (
				F075F4772DBB3334004AB71A /* petstagramTests */,
			);
			name = petstagramTests;
			packageProductDependencies = (
			);
			productName = petstagramTests;
			productReference = F075F4742DBB3334004AB71A /* petstagramTests.xctest */;
			productType = "com.apple.product-type.bundle.unit-test";
		};
		F075F47D2DBB3334004AB71A /* petstagramUITests */ = {
			isa = PBXNativeTarget;
			buildConfigurationList = F075F48E2DBB3334004AB71A /* Build configuration list for PBXNativeTarget "petstagramUITests" */;
			buildPhases = (
				F075F47A2DBB3334004AB71A /* Sources */,
				F075F47B2DBB3334004AB71A /* Frameworks */,
				F075F47C2DBB3334004AB71A /* Resources */,
			);
			buildRules = (
			);
			dependencies = (
				F075F4802DBB3334004AB71A /* PBXTargetDependency */,
			);
			fileSystemSynchronizedGroups = (
				F075F4812DBB3334004AB71A /* petstagramUITests */,
			);
			name = petstagramUITests;
			packageProductDependencies = (
			);
			productName = petstagramUITests;
			productReference = F075F47E2DBB3334004AB71A /* petstagramUITests.xctest */;
			productType = "com.apple.product-type.bundle.ui-testing";
		};
/* End PBXNativeTarget section */

/* Begin PBXProject section */
		F075F45C2DBB3331004AB71A /* Project object */ = {
			isa = PBXProject;
			attributes = {
				BuildIndependentTargetsInParallel = 1;
				LastSwiftUpdateCheck = 1620;
				LastUpgradeCheck = 1620;
				TargetAttributes = {
					F075F4632DBB3331004AB71A = {
						CreatedOnToolsVersion = 16.2;
					};
					F075F4732DBB3334004AB71A = {
						CreatedOnToolsVersion = 16.2;
						TestTargetID = F075F4632DBB3331004AB71A;
					};
					F075F47D2DBB3334004AB71A = {
						CreatedOnToolsVersion = 16.2;
						TestTargetID = F075F4632DBB3331004AB71A;
					};
				};
			};
			buildConfigurationList = F075F45F2DBB3331004AB71A /* Build configuration list for PBXProject "petstagram" */;
			developmentRegion = en;
			hasScannedForEncodings = 0;
			knownRegions = (
				en,
				Base,
			);
			mainGroup = F075F45B2DBB3331004AB71A;
			minimizedProjectReferenceProxies = 1;
			packageReferences = (
				F075F4C22DBB4A44004AB71A /* XCRemoteSwiftPackageReference "firebase-ios-sdk" */,
			);
			preferredProjectObjectVersion = 77;
			productRefGroup = F075F4652DBB3331004AB71A /* Products */;
			projectDirPath = "";
			projectRoot = "";
			targets = (
				F075F4632DBB3331004AB71A /* petstagram */,
				F075F4732DBB3334004AB71A /* petstagramTests */,
				F075F47D2DBB3334004AB71A /* petstagramUITests */,
			);
		};
/* End PBXProject section */

/* Begin PBXResourcesBuildPhase section */
		F075F4622DBB3331004AB71A /* Resources */ = {
			isa = PBXResourcesBuildPhase;
			buildActionMask = 2147483647;
			files = (
			);
			runOnlyForDeploymentPostprocessing = 0;
		};
		F075F4722DBB3334004AB71A /* Resources */ = {
			isa = PBXResourcesBuildPhase;
			buildActionMask = 2147483647;
			files = (
			);
			runOnlyForDeploymentPostprocessing = 0;
		};
		F075F47C2DBB3334004AB71A /* Resources */ = {
			isa = PBXResourcesBuildPhase;
			buildActionMask = 2147483647;
			files = (
			);
			runOnlyForDeploymentPostprocessing = 0;
		};
/* End PBXResourcesBuildPhase section */

/* Begin PBXSourcesBuildPhase section */
		F075F4602DBB3331004AB71A /* Sources */ = {
			isa = PBXSourcesBuildPhase;
			buildActionMask = 2147483647;
			files = (
			);
			runOnlyForDeploymentPostprocessing = 0;
		};
		F075F4702DBB3334004AB71A /* Sources */ = {
			isa = PBXSourcesBuildPhase;
			buildActionMask = 2147483647;
			files = (
			);
			runOnlyForDeploymentPostprocessing = 0;
		};
		F075F47A2DBB3334004AB71A /* Sources */ = {
			isa = PBXSourcesBuildPhase;
			buildActionMask = 2147483647;
			files = (
			);
			runOnlyForDeploymentPostprocessing = 0;
		};
/* End PBXSourcesBuildPhase section */

/* Begin PBXTargetDependency section */
		F075F4762DBB3334004AB71A /* PBXTargetDependency */ = {
			isa = PBXTargetDependency;
			target = F075F4632DBB3331004AB71A /* petstagram */;
			targetProxy = F075F4752DBB3334004AB71A /* PBXContainerItemProxy */;
		};
		F075F4802DBB3334004AB71A /* PBXTargetDependency */ = {
			isa = PBXTargetDependency;
			target = F075F4632DBB3331004AB71A /* petstagram */;
			targetProxy = F075F47F2DBB3334004AB71A /* PBXContainerItemProxy */;
		};
/* End PBXTargetDependency section */

/* Begin XCBuildConfiguration section */
		F075F4862DBB3334004AB71A /* Debug */ = {
			isa = XCBuildConfiguration;
			buildSettings = {
				ALWAYS_SEARCH_USER_PATHS = NO;
				ASSETCATALOG_COMPILER_GENERATE_SWIFT_ASSET_SYMBOL_EXTENSIONS = YES;
				CLANG_ANALYZER_NONNULL = YES;
				CLANG_ANALYZER_NUMBER_OBJECT_CONVERSION = YES_AGGRESSIVE;
				CLANG_CXX_LANGUAGE_STANDARD = "gnu++20";
				CLANG_ENABLE_MODULES = YES;
				CLANG_ENABLE_OBJC_ARC = YES;
				CLANG_ENABLE_OBJC_WEAK = YES;
				CLANG_WARN_BLOCK_CAPTURE_AUTORELEASING = YES;
				CLANG_WARN_BOOL_CONVERSION = YES;
				CLANG_WARN_COMMA = YES;
				CLANG_WARN_CONSTANT_CONVERSION = YES;
				CLANG_WARN_DEPRECATED_OBJC_IMPLEMENTATIONS = YES;
				CLANG_WARN_DIRECT_OBJC_ISA_USAGE = YES_ERROR;
				CLANG_WARN_DOCUMENTATION_COMMENTS = YES;
				CLANG_WARN_EMPTY_BODY = YES;
				CLANG_WARN_ENUM_CONVERSION = YES;
				CLANG_WARN_INFINITE_RECURSION = YES;
				CLANG_WARN_INT_CONVERSION = YES;
				CLANG_WARN_NON_LITERAL_NULL_CONVERSION = YES;
				CLANG_WARN_OBJC_IMPLICIT_RETAIN_SELF = YES;
				CLANG_WARN_OBJC_LITERAL_CONVERSION = YES;
				CLANG_WARN_OBJC_ROOT_CLASS = YES_ERROR;
				CLANG_WARN_QUOTED_INCLUDE_IN_FRAMEWORK_HEADER = YES;
				CLANG_WARN_RANGE_LOOP_ANALYSIS = YES;
				CLANG_WARN_STRICT_PROTOTYPES = YES;
				CLANG_WARN_SUSPICIOUS_MOVE = YES;
				CLANG_WARN_UNGUARDED_AVAILABILITY = YES_AGGRESSIVE;
				CLANG_WARN_UNREACHABLE_CODE = YES;
				CLANG_WARN__DUPLICATE_METHOD_MATCH = YES;
				COPY_PHASE_STRIP = NO;
				DEBUG_INFORMATION_FORMAT = dwarf;
				ENABLE_STRICT_OBJC_MSGSEND = YES;
				ENABLE_TESTABILITY = YES;
				ENABLE_USER_SCRIPT_SANDBOXING = YES;
				GCC_C_LANGUAGE_STANDARD = gnu17;
				GCC_DYNAMIC_NO_PIC = NO;
				GCC_NO_COMMON_BLOCKS = YES;
				GCC_OPTIMIZATION_LEVEL = 0;
				GCC_PREPROCESSOR_DEFINITIONS = (
					"DEBUG=1",
					"$(inherited)",
				);
				GCC_WARN_64_TO_32_BIT_CONVERSION = YES;
				GCC_WARN_ABOUT_RETURN_TYPE = YES_ERROR;
				GCC_WARN_UNDECLARED_SELECTOR = YES;
				GCC_WARN_UNINITIALIZED_AUTOS = YES_AGGRESSIVE;
				GCC_WARN_UNUSED_FUNCTION = YES;
				GCC_WARN_UNUSED_VARIABLE = YES;
				IPHONEOS_DEPLOYMENT_TARGET = 18.2;
				LOCALIZATION_PREFERS_STRING_CATALOGS = YES;
				MTL_ENABLE_DEBUG_INFO = INCLUDE_SOURCE;
				MTL_FAST_MATH = YES;
				ONLY_ACTIVE_ARCH = YES;
				SDKROOT = iphoneos;
				SWIFT_ACTIVE_COMPILATION_CONDITIONS = "DEBUG $(inherited)";
				SWIFT_OPTIMIZATION_LEVEL = "-Onone";
			};
			name = Debug;
		};
		F075F4872DBB3334004AB71A /* Release */ = {
			isa = XCBuildConfiguration;
			buildSettings = {
				ALWAYS_SEARCH_USER_PATHS = NO;
				ASSETCATALOG_COMPILER_GENERATE_SWIFT_ASSET_SYMBOL_EXTENSIONS = YES;
				CLANG_ANALYZER_NONNULL = YES;
				CLANG_ANALYZER_NUMBER_OBJECT_CONVERSION = YES_AGGRESSIVE;
				CLANG_CXX_LANGUAGE_STANDARD = "gnu++20";
				CLANG_ENABLE_MODULES = YES;
				CLANG_ENABLE_OBJC_ARC = YES;
				CLANG_ENABLE_OBJC_WEAK = YES;
				CLANG_WARN_BLOCK_CAPTURE_AUTORELEASING = YES;
				CLANG_WARN_BOOL_CONVERSION = YES;
				CLANG_WARN_COMMA = YES;
				CLANG_WARN_CONSTANT_CONVERSION = YES;
				CLANG_WARN_DEPRECATED_OBJC_IMPLEMENTATIONS = YES;
				CLANG_WARN_DIRECT_OBJC_ISA_USAGE = YES_ERROR;
				CLANG_WARN_DOCUMENTATION_COMMENTS = YES;
				CLANG_WARN_EMPTY_BODY = YES;
				CLANG_WARN_ENUM_CONVERSION = YES;
				CLANG_WARN_INFINITE_RECURSION = YES;
				CLANG_WARN_INT_CONVERSION = YES;
				CLANG_WARN_NON_LITERAL_NULL_CONVERSION = YES;
				CLANG_WARN_OBJC_IMPLICIT_RETAIN_SELF = YES;
				CLANG_WARN_OBJC_LITERAL_CONVERSION = YES;
				CLANG_WARN_OBJC_ROOT_CLASS = YES_ERROR;
				CLANG_WARN_QUOTED_INCLUDE_IN_FRAMEWORK_HEADER = YES;
				CLANG_WARN_RANGE_LOOP_ANALYSIS = YES;
				CLANG_WARN_STRICT_PROTOTYPES = YES;
				CLANG_WARN_SUSPICIOUS_MOVE = YES;
				CLANG_WARN_UNGUARDED_AVAILABILITY = YES_AGGRESSIVE;
				CLANG_WARN_UNREACHABLE_CODE = YES;
				CLANG_WARN__DUPLICATE_METHOD_MATCH = YES;
				COPY_PHASE_STRIP = NO;
				DEBUG_INFORMATION_FORMAT = "dwarf-with-dsym";
				ENABLE_NS_ASSERTIONS = NO;
				ENABLE_STRICT_OBJC_MSGSEND = YES;
				ENABLE_USER_SCRIPT_SANDBOXING = YES;
				GCC_C_LANGUAGE_STANDARD = gnu17;
				GCC_NO_COMMON_BLOCKS = YES;
				GCC_WARN_64_TO_32_BIT_CONVERSION = YES;
				GCC_WARN_ABOUT_RETURN_TYPE = YES_ERROR;
				GCC_WARN_UNDECLARED_SELECTOR = YES;
				GCC_WARN_UNINITIALIZED_AUTOS = YES_AGGRESSIVE;
				GCC_WARN_UNUSED_FUNCTION = YES;
				GCC_WARN_UNUSED_VARIABLE = YES;
				IPHONEOS_DEPLOYMENT_TARGET = 18.2;
				LOCALIZATION_PREFERS_STRING_CATALOGS = YES;
				MTL_ENABLE_DEBUG_INFO = NO;
				MTL_FAST_MATH = YES;
				SDKROOT = iphoneos;
				SWIFT_COMPILATION_MODE = wholemodule;
				VALIDATE_PRODUCT = YES;
			};
			name = Release;
		};
		F075F4892DBB3334004AB71A /* Debug */ = {
			isa = XCBuildConfiguration;
			buildSettings = {
				ASSETCATALOG_COMPILER_APPICON_NAME = AppIcon;
				ASSETCATALOG_COMPILER_GLOBAL_ACCENT_COLOR_NAME = AccentColor;
				CODE_SIGN_STYLE = Automatic;
				CURRENT_PROJECT_VERSION = 1;
				DEVELOPMENT_ASSET_PATHS = "\"petstagram/Preview Content\"";
				ENABLE_PREVIEWS = YES;
				GENERATE_INFOPLIST_FILE = YES;
				INFOPLIST_KEY_UIApplicationSceneManifest_Generation = YES;
				INFOPLIST_KEY_UIApplicationSupportsIndirectInputEvents = YES;
				INFOPLIST_KEY_UILaunchScreen_Generation = YES;
				INFOPLIST_KEY_UISupportedInterfaceOrientations_iPad = "UIInterfaceOrientationPortrait UIInterfaceOrientationPortraitUpsideDown UIInterfaceOrientationLandscapeLeft UIInterfaceOrientationLandscapeRight";
				INFOPLIST_KEY_UISupportedInterfaceOrientations_iPhone = "UIInterfaceOrientationPortrait UIInterfaceOrientationLandscapeLeft UIInterfaceOrientationLandscapeRight";
				LD_RUNPATH_SEARCH_PATHS = (
					"$(inherited)",
					"@executable_path/Frameworks",
				);
				MARKETING_VERSION = 1.0;
				PRODUCT_BUNDLE_IDENTIFIER = shikaDev.petstagram;
				PRODUCT_NAME = "$(TARGET_NAME)";
				SWIFT_EMIT_LOC_STRINGS = YES;
				SWIFT_VERSION = 5.0;
				TARGETED_DEVICE_FAMILY = "1,2";
			};
			name = Debug;
		};
		F075F48A2DBB3334004AB71A /* Release */ = {
			isa = XCBuildConfiguration;
			buildSettings = {
				ASSETCATALOG_COMPILER_APPICON_NAME = AppIcon;
				ASSETCATALOG_COMPILER_GLOBAL_ACCENT_COLOR_NAME = AccentColor;
				CODE_SIGN_STYLE = Automatic;
				CURRENT_PROJECT_VERSION = 1;
				DEVELOPMENT_ASSET_PATHS = "\"petstagram/Preview Content\"";
				ENABLE_PREVIEWS = YES;
				GENERATE_INFOPLIST_FILE = YES;
				INFOPLIST_KEY_UIApplicationSceneManifest_Generation = YES;
				INFOPLIST_KEY_UIApplicationSupportsIndirectInputEvents = YES;
				INFOPLIST_KEY_UILaunchScreen_Generation = YES;
				INFOPLIST_KEY_UISupportedInterfaceOrientations_iPad = "UIInterfaceOrientationPortrait UIInterfaceOrientationPortraitUpsideDown UIInterfaceOrientationLandscapeLeft UIInterfaceOrientationLandscapeRight";
				INFOPLIST_KEY_UISupportedInterfaceOrientations_iPhone = "UIInterfaceOrientationPortrait UIInterfaceOrientationLandscapeLeft UIInterfaceOrientationLandscapeRight";
				LD_RUNPATH_SEARCH_PATHS = (
					"$(inherited)",
					"@executable_path/Frameworks",
				);
				MARKETING_VERSION = 1.0;
				PRODUCT_BUNDLE_IDENTIFIER = shikaDev.petstagram;
				PRODUCT_NAME = "$(TARGET_NAME)";
				SWIFT_EMIT_LOC_STRINGS = YES;
				SWIFT_VERSION = 5.0;
				TARGETED_DEVICE_FAMILY = "1,2";
			};
			name = Release;
		};
		F075F48C2DBB3334004AB71A /* Debug */ = {
			isa = XCBuildConfiguration;
			buildSettings = {
				BUNDLE_LOADER = "$(TEST_HOST)";
				CODE_SIGN_STYLE = Automatic;
				CURRENT_PROJECT_VERSION = 1;
				GENERATE_INFOPLIST_FILE = YES;
				IPHONEOS_DEPLOYMENT_TARGET = 18.2;
				MARKETING_VERSION = 1.0;
				PRODUCT_BUNDLE_IDENTIFIER = shikaDev.petstagramTests;
				PRODUCT_NAME = "$(TARGET_NAME)";
				SWIFT_EMIT_LOC_STRINGS = NO;
				SWIFT_VERSION = 5.0;
				TARGETED_DEVICE_FAMILY = "1,2";
				TEST_HOST = "$(BUILT_PRODUCTS_DIR)/petstagram.app/$(BUNDLE_EXECUTABLE_FOLDER_PATH)/petstagram";
			};
			name = Debug;
		};
		F075F48D2DBB3334004AB71A /* Release */ = {
			isa = XCBuildConfiguration;
			buildSettings = {
				BUNDLE_LOADER = "$(TEST_HOST)";
				CODE_SIGN_STYLE = Automatic;
				CURRENT_PROJECT_VERSION = 1;
				GENERATE_INFOPLIST_FILE = YES;
				IPHONEOS_DEPLOYMENT_TARGET = 18.2;
				MARKETING_VERSION = 1.0;
				PRODUCT_BUNDLE_IDENTIFIER = shikaDev.petstagramTests;
				PRODUCT_NAME = "$(TARGET_NAME)";
				SWIFT_EMIT_LOC_STRINGS = NO;
				SWIFT_VERSION = 5.0;
				TARGETED_DEVICE_FAMILY = "1,2";
				TEST_HOST = "$(BUILT_PRODUCTS_DIR)/petstagram.app/$(BUNDLE_EXECUTABLE_FOLDER_PATH)/petstagram";
			};
			name = Release;
		};
		F075F48F2DBB3334004AB71A /* Debug */ = {
			isa = XCBuildConfiguration;
			buildSettings = {
				CODE_SIGN_STYLE = Automatic;
				CURRENT_PROJECT_VERSION = 1;
				GENERATE_INFOPLIST_FILE = YES;
				MARKETING_VERSION = 1.0;
				PRODUCT_BUNDLE_IDENTIFIER = shikaDev.petstagramUITests;
				PRODUCT_NAME = "$(TARGET_NAME)";
				SWIFT_EMIT_LOC_STRINGS = NO;
				SWIFT_VERSION = 5.0;
				TARGETED_DEVICE_FAMILY = "1,2";
				TEST_TARGET_NAME = petstagram;
			};
			name = Debug;
		};
		F075F4902DBB3334004AB71A /* Release */ = {
			isa = XCBuildConfiguration;
			buildSettings = {
				CODE_SIGN_STYLE = Automatic;
				CURRENT_PROJECT_VERSION = 1;
				GENERATE_INFOPLIST_FILE = YES;
				MARKETING_VERSION = 1.0;
				PRODUCT_BUNDLE_IDENTIFIER = shikaDev.petstagramUITests;
				PRODUCT_NAME = "$(TARGET_NAME)";
				SWIFT_EMIT_LOC_STRINGS = NO;
				SWIFT_VERSION = 5.0;
				TARGETED_DEVICE_FAMILY = "1,2";
				TEST_TARGET_NAME = petstagram;
			};
			name = Release;
		};
/* End XCBuildConfiguration section */

/* Begin XCConfigurationList section */
		F075F45F2DBB3331004AB71A /* Build configuration list for PBXProject "petstagram" */ = {
			isa = XCConfigurationList;
			buildConfigurations = (
				F075F4862DBB3334004AB71A /* Debug */,
				F075F4872DBB3334004AB71A /* Release */,
			);
			defaultConfigurationIsVisible = 0;
			defaultConfigurationName = Release;
		};
		F075F4882DBB3334004AB71A /* Build configuration list for PBXNativeTarget "petstagram" */ = {
			isa = XCConfigurationList;
			buildConfigurations = (
				F075F4892DBB3334004AB71A /* Debug */,
				F075F48A2DBB3334004AB71A /* Release */,
			);
			defaultConfigurationIsVisible = 0;
			defaultConfigurationName = Release;
		};
		F075F48B2DBB3334004AB71A /* Build configuration list for PBXNativeTarget "petstagramTests" */ = {
			isa = XCConfigurationList;
			buildConfigurations = (
				F075F48C2DBB3334004AB71A /* Debug */,
				F075F48D2DBB3334004AB71A /* Release */,
			);
			defaultConfigurationIsVisible = 0;
			defaultConfigurationName = Release;
		};
		F075F48E2DBB3334004AB71A /* Build configuration list for PBXNativeTarget "petstagramUITests" */ = {
			isa = XCConfigurationList;
			buildConfigurations = (
				F075F48F2DBB3334004AB71A /* Debug */,
				F075F4902DBB3334004AB71A /* Release */,
			);
			defaultConfigurationIsVisible = 0;
			defaultConfigurationName = Release;
		};
/* End XCConfigurationList section */

/* Begin XCRemoteSwiftPackageReference section */
		F075F4C22DBB4A44004AB71A /* XCRemoteSwiftPackageReference "firebase-ios-sdk" */ = {
			isa = XCRemoteSwiftPackageReference;
			repositoryURL = "https://github.com/firebase/firebase-ios-sdk";
			requirement = {
				kind = upToNextMajorVersion;
				minimumVersion = 11.12.0;
			};
		};
/* End XCRemoteSwiftPackageReference section */

/* Begin XCSwiftPackageProductDependency section */
		F075F4C32DBB4A44004AB71A /* FirebaseAnalytics */ = {
			isa = XCSwiftPackageProductDependency;
			package = F075F4C22DBB4A44004AB71A /* XCRemoteSwiftPackageReference "firebase-ios-sdk" */;
			productName = FirebaseAnalytics;
		};
		F075F4C52DBB4A44004AB71A /* FirebaseAppCheck */ = {
			isa = XCSwiftPackageProductDependency;
			package = F075F4C22DBB4A44004AB71A /* XCRemoteSwiftPackageReference "firebase-ios-sdk" */;
			productName = FirebaseAppCheck;
		};
		F075F4C72DBB4A44004AB71A /* FirebaseAppDistribution-Beta */ = {
			isa = XCSwiftPackageProductDependency;
			package = F075F4C22DBB4A44004AB71A /* XCRemoteSwiftPackageReference "firebase-ios-sdk" */;
			productName = "FirebaseAppDistribution-Beta";
		};
		F075F4FB2DBCF6F2004AB71A /* FirebaseAuth */ = {
			isa = XCSwiftPackageProductDependency;
			package = F075F4C22DBB4A44004AB71A /* XCRemoteSwiftPackageReference "firebase-ios-sdk" */;
			productName = FirebaseAuth;
		};
		F075F4FD2DBCF71F004AB71A /* FirebaseCore */ = {
			isa = XCSwiftPackageProductDependency;
			package = F075F4C22DBB4A44004AB71A /* XCRemoteSwiftPackageReference "firebase-ios-sdk" */;
			productName = FirebaseCore;
		};
/* End XCSwiftPackageProductDependency section */
	};
	rootObject = F075F45C2DBB3331004AB71A /* Project object */;
}
